
Microsoft Visual Studio Solution File, Format Version 12.00
# Visual Studio Version 17
VisualStudioVersion = 17.1.32328.378
MinimumVisualStudioVersion = 10.0.40219.1
Project("{FAE04EC0-301F-11D3-BF4B-00C04F79EFBC}") = "Workshop", "Workshop.csproj", "{D42C1B9F-4B75-4829-B832-84D83B301153}"
EndProject
Global
	GlobalSection(SolutionConfigurationPlatforms) = preSolution
		Debug|Any CPU = Debug|Any CPU
		Release|Any CPU = Release|Any CPU
	EndGlobalSection
	GlobalSection(ProjectConfigurationPlatforms) = postSolution
		{D42C1B9F-4B75-4829-B832-84D83B301153}.Debug|Any CPU.ActiveCfg = Debug|Any CPU
		{D42C1B9F-4B75-4829-B832-84D83B301153}.Debug|Any CPU.Build.0 = Debug|Any CPU
		{D42C1B9F-4B75-4829-B832-84D83B301153}.Release|Any CPU.ActiveCfg = Release|Any CPU
		{D42C1B9F-4B75-4829-B832-84D83B301153}.Release|Any CPU.Build.0 = Release|Any CPU
	EndGlobalSection
	GlobalSection(SolutionProperties) = preSolution
		HideSolutionNode = FALSE
	EndGlobalSection
	GlobalSection(ExtensibilityGlobals) = postSolution
		SolutionGuid = {DE213B3A-88B8-4F96-9C0D-D23244B28751}
	EndGlobalSection
EndGlobal
